
Microsoft Visual Studio Solution File, Format Version 12.00
# Visual Studio Version 17
VisualStudioVersion = 17.14.36221.1 d17.14
MinimumVisualStudioVersion = 10.0.40219.1
Project("{FAE04EC0-301F-11D3-BF4B-00C04F79EFBC}") = "EmployeeExitPortal.Api", "EmployeeExitPortal.Api\EmployeeExitPortal.Api.csproj", "{64286770-C143-4CA2-AA07-E551835AEA3B}"
EndProject
Global
	GlobalSection(SolutionConfigurationPlatforms) = preSolution
		Debug|Any CPU = Debug|Any CPU
		Release|Any CPU = Release|Any CPU
	EndGlobalSection
	GlobalSection(ProjectConfigurationPlatforms) = postSolution
		{64286770-C143-4CA2-AA07-E551835AEA3B}.Debug|Any CPU.ActiveCfg = Debug|Any CPU
		{64286770-C143-4CA2-AA07-E551835AEA3B}.Debug|Any CPU.Build.0 = Debug|Any CPU
		{64286770-C143-4CA2-AA07-E551835AEA3B}.Release|Any CPU.ActiveCfg = Release|Any CPU
		{64286770-C143-4CA2-AA07-E551835AEA3B}.Release|Any CPU.Build.0 = Release|Any CPU
	EndGlobalSection
	GlobalSection(SolutionProperties) = preSolution
		HideSolutionNode = FALSE
	EndGlobalSection
	GlobalSection(ExtensibilityGlobals) = postSolution
		SolutionGuid = {DA03B428-2025-4969-AD88-DBA7D623AE5F}
	EndGlobalSection
EndGlobal
